
Microsoft Visual Studio Solution File, Format Version 12.00
# Visual Studio Version 17
VisualStudioVersion = 17.4.33205.214
MinimumVisualStudioVersion = 10.0.40219.1
Project("{FAE04EC0-301F-11D3-BF4B-00C04F79EFBC}") = "WebApplication1", "WebApplication1\WebApplication1.csproj", "{66AA257D-F1EF-412C-B3F0-1DB6E6669154}"
EndProject
Global
	GlobalSection(SolutionConfigurationPlatforms) = preSolution
		Debug|Any CPU = Debug|Any CPU
		Release|Any CPU = Release|Any CPU
	EndGlobalSection
	GlobalSection(ProjectConfigurationPlatforms) = postSolution
		{66AA257D-F1EF-412C-B3F0-1DB6E6669154}.Debug|Any CPU.ActiveCfg = Debug|Any CPU
		{66AA257D-F1EF-412C-B3F0-1DB6E6669154}.Debug|Any CPU.Build.0 = Debug|Any CPU
		{66AA257D-F1EF-412C-B3F0-1DB6E6669154}.Release|Any CPU.ActiveCfg = Release|Any CPU
		{66AA257D-F1EF-412C-B3F0-1DB6E6669154}.Release|Any CPU.Build.0 = Release|Any CPU
	EndGlobalSection
	GlobalSection(SolutionProperties) = preSolution
		HideSolutionNode = FALSE
	EndGlobalSection
	GlobalSection(ExtensibilityGlobals) = postSolution
		SolutionGuid = {6000DE5B-7C85-4905-AE94-502B285BF7BA}
	EndGlobalSection
EndGlobal
